PODS:
  - EaseAlertController (0.1.0)
  - FBSnapshotTestCase (2.1.4):
    - FBSnapshotTestCase/SwiftSupport (= 2.1.4)
  - FBSnapshotTestCase/Core (2.1.4)
  - FBSnapshotTestCase/SwiftSupport (2.1.4):
    - FBSnapshotTestCase/Core

DEPENDENCIES:
  - EaseAlertController (from `../`)
  - FBSnapshotTestCase

SPEC REPOS:
  trunk:
    - FBSnapshotTestCase

EXTERNAL SOURCES:
  EaseAlertController:
    :path: "../"

SPEC CHECKSUMS:
  EaseAlertController: f1fba323ce99e4dc03883eb1ddb7d8b2baf11abc
  FBSnapshotTestCase: 094f9f314decbabe373b87cc339bea235a63e07a

PODFILE CHECKSUM: 7e8c2e877bc5eee68ce6220ba751aa55d0d896ef

COCOAPODS: 1.9.3
